
Microsoft Visual Studio Solution File, Format Version 12.00
# Visual Studio Version 16
VisualStudioVersion = 16.0.30717.126
MinimumVisualStudioVersion = 10.0.40219.1
Project("{FAE04EC0-301F-11D3-BF4B-00C04F79EFBC}") = "ConsoleApp4", "ConsoleApp4\ConsoleApp4.csproj", "{89B9D9A2-6345-494B-995B-2F5AE9E37EA4}"
EndProject
Global
	GlobalSection(SolutionConfigurationPlatforms) = preSolution
		Debug|Any CPU = Debug|Any CPU
		Release|Any CPU = Release|Any CPU
	EndGlobalSection
	GlobalSection(ProjectConfigurationPlatforms) = postSolution
		{89B9D9A2-6345-494B-995B-2F5AE9E37EA4}.Debug|Any CPU.ActiveCfg = Debug|Any CPU
		{89B9D9A2-6345-494B-995B-2F5AE9E37EA4}.Debug|Any CPU.Build.0 = Debug|Any CPU
		{89B9D9A2-6345-494B-995B-2F5AE9E37EA4}.Release|Any CPU.ActiveCfg = Release|Any CPU
		{89B9D9A2-6345-494B-995B-2F5AE9E37EA4}.Release|Any CPU.Build.0 = Release|Any CPU
	EndGlobalSection
	GlobalSection(SolutionProperties) = preSolution
		HideSolutionNode = FALSE
	EndGlobalSection
	GlobalSection(ExtensibilityGlobals) = postSolution
		SolutionGuid = {A1CB178F-B6B4-427F-ADD1-FE5FF0092FC0}
	EndGlobalSection
EndGlobal
